
Microsoft Visual Studio Solution File, Format Version 12.00
# Visual Studio Version 16
VisualStudioVersion = 16.0.30611.23
MinimumVisualStudioVersion = 10.0.40219.1
Project("{9A19103F-16F7-4668-BE54-9A1E7A4F7556}") = "Day1", "Day1\Day1.csproj", "{88D08C94-50ED-4FB2-B5E6-9E785A780E29}"
EndProject
Project("{9A19103F-16F7-4668-BE54-9A1E7A4F7556}") = "Day2", "Day2\Day2.csproj", "{7BE1FDB1-84DB-4A3C-BCD9-9C9295ACDC06}"
EndProject
Project("{9A19103F-16F7-4668-BE54-9A1E7A4F7556}") = "Day3", "Day3\Day3.csproj", "{BE3B0E56-2328-47A3-A802-4A6691573072}"
EndProject
Project("{FAE04EC0-301F-11D3-BF4B-00C04F79EFBC}") = "Day4", "Day4\Day4.csproj", "{48D3AA7E-5B75-48C2-8572-321255B75D01}"
EndProject
Global
	GlobalSection(SolutionConfigurationPlatforms) = preSolution
		Debug|Any CPU = Debug|Any CPU
		Release|Any CPU = Release|Any CPU
	EndGlobalSection
	GlobalSection(ProjectConfigurationPlatforms) = postSolution
		{88D08C94-50ED-4FB2-B5E6-9E785A780E29}.Debug|Any CPU.ActiveCfg = Debug|Any CPU
		{88D08C94-50ED-4FB2-B5E6-9E785A780E29}.Debug|Any CPU.Build.0 = Debug|Any CPU
		{88D08C94-50ED-4FB2-B5E6-9E785A780E29}.Release|Any CPU.ActiveCfg = Release|Any CPU
		{88D08C94-50ED-4FB2-B5E6-9E785A780E29}.Release|Any CPU.Build.0 = Release|Any CPU
		{7BE1FDB1-84DB-4A3C-BCD9-9C9295ACDC06}.Debug|Any CPU.ActiveCfg = Debug|Any CPU
		{7BE1FDB1-84DB-4A3C-BCD9-9C9295ACDC06}.Debug|Any CPU.Build.0 = Debug|Any CPU
		{7BE1FDB1-84DB-4A3C-BCD9-9C9295ACDC06}.Release|Any CPU.ActiveCfg = Release|Any CPU
		{7BE1FDB1-84DB-4A3C-BCD9-9C9295ACDC06}.Release|Any CPU.Build.0 = Release|Any CPU
		{BE3B0E56-2328-47A3-A802-4A6691573072}.Debug|Any CPU.ActiveCfg = Debug|Any CPU
		{BE3B0E56-2328-47A3-A802-4A6691573072}.Debug|Any CPU.Build.0 = Debug|Any CPU
		{BE3B0E56-2328-47A3-A802-4A6691573072}.Release|Any CPU.ActiveCfg = Release|Any CPU
		{BE3B0E56-2328-47A3-A802-4A6691573072}.Release|Any CPU.Build.0 = Release|Any CPU
		{48D3AA7E-5B75-48C2-8572-321255B75D01}.Debug|Any CPU.ActiveCfg = Debug|Any CPU
		{48D3AA7E-5B75-48C2-8572-321255B75D01}.Debug|Any CPU.Build.0 = Debug|Any CPU
		{48D3AA7E-5B75-48C2-8572-321255B75D01}.Release|Any CPU.ActiveCfg = Release|Any CPU
		{48D3AA7E-5B75-48C2-8572-321255B75D01}.Release|Any CPU.Build.0 = Release|Any CPU
	EndGlobalSection
	GlobalSection(SolutionProperties) = preSolution
		HideSolutionNode = FALSE
	EndGlobalSection
	GlobalSection(ExtensibilityGlobals) = postSolution
		SolutionGuid = {0CA44CE2-F989-4418-B268-0FD2B18D254F}
	EndGlobalSection
EndGlobal
